
Microsoft Visual Studio Solution File, Format Version 12.00
# Visual Studio 15
VisualStudioVersion = 15.0.27130.2027
MinimumVisualStudioVersion = 10.0.40219.1
Project("{FAE04EC0-301F-11D3-BF4B-00C04F79EFBC}") = "Movimientos", "SIF\Movimientos.csproj", "{033B0CF9-65FF-4A06-B57F-FBEC25CBAC79}"
EndProject
Project("{FAE04EC0-301F-11D3-BF4B-00C04F79EFBC}") = "DBManager", "DBManager\DBManager.csproj", "{3658F23C-E105-4E25-9E7D-E2D7C4987027}"
EndProject
Project("{FAE04EC0-301F-11D3-BF4B-00C04F79EFBC}") = "SessionManager", "SessionManager\SessionManager.csproj", "{477A05BB-CA63-4ACF-964E-CF44B8F6C180}"
EndProject
Project("{FAE04EC0-301F-11D3-BF4B-00C04F79EFBC}") = "CacheManager", "CacheManager\CacheManager.csproj", "{7F1666F1-51A6-4F43-9581-C29ECA25F872}"
EndProject
Global
	GlobalSection(SolutionConfigurationPlatforms) = preSolution
		Debug|Any CPU = Debug|Any CPU
		Release|Any CPU = Release|Any CPU
	EndGlobalSection
	GlobalSection(ProjectConfigurationPlatforms) = postSolution
		{033B0CF9-65FF-4A06-B57F-FBEC25CBAC79}.Debug|Any CPU.ActiveCfg = Debug|Any CPU
		{033B0CF9-65FF-4A06-B57F-FBEC25CBAC79}.Debug|Any CPU.Build.0 = Debug|Any CPU
		{033B0CF9-65FF-4A06-B57F-FBEC25CBAC79}.Release|Any CPU.ActiveCfg = Release|Any CPU
		{033B0CF9-65FF-4A06-B57F-FBEC25CBAC79}.Release|Any CPU.Build.0 = Release|Any CPU
		{3658F23C-E105-4E25-9E7D-E2D7C4987027}.Debug|Any CPU.ActiveCfg = Debug|Any CPU
		{3658F23C-E105-4E25-9E7D-E2D7C4987027}.Debug|Any CPU.Build.0 = Debug|Any CPU
		{3658F23C-E105-4E25-9E7D-E2D7C4987027}.Release|Any CPU.ActiveCfg = Release|Any CPU
		{3658F23C-E105-4E25-9E7D-E2D7C4987027}.Release|Any CPU.Build.0 = Release|Any CPU
		{477A05BB-CA63-4ACF-964E-CF44B8F6C180}.Debug|Any CPU.ActiveCfg = Debug|Any CPU
		{477A05BB-CA63-4ACF-964E-CF44B8F6C180}.Debug|Any CPU.Build.0 = Debug|Any CPU
		{477A05BB-CA63-4ACF-964E-CF44B8F6C180}.Release|Any CPU.ActiveCfg = Release|Any CPU
		{477A05BB-CA63-4ACF-964E-CF44B8F6C180}.Release|Any CPU.Build.0 = Release|Any CPU
		{7F1666F1-51A6-4F43-9581-C29ECA25F872}.Debug|Any CPU.ActiveCfg = Debug|Any CPU
		{7F1666F1-51A6-4F43-9581-C29ECA25F872}.Debug|Any CPU.Build.0 = Debug|Any CPU
		{7F1666F1-51A6-4F43-9581-C29ECA25F872}.Release|Any CPU.ActiveCfg = Release|Any CPU
		{7F1666F1-51A6-4F43-9581-C29ECA25F872}.Release|Any CPU.Build.0 = Release|Any CPU
	EndGlobalSection
	GlobalSection(SolutionProperties) = preSolution
		HideSolutionNode = FALSE
	EndGlobalSection
	GlobalSection(ExtensibilityGlobals) = postSolution
		SolutionGuid = {83A0462E-2B7B-42F2-80DE-7307EFA72E97}
	EndGlobalSection
EndGlobal
